
Microsoft Visual Studio Solution File, Format Version 12.00
# Visual Studio Version 17
VisualStudioVersion = 17.4.33213.308
MinimumVisualStudioVersion = 10.0.40219.1
Project("{FAE04EC0-301F-11D3-BF4B-00C04F79EFBC}") = "Auth", "Auth\Auth.csproj", "{1CFC0B0A-AB29-4F9D-BCB5-67BD5CD276C6}"
EndProject
Global
	GlobalSection(SolutionConfigurationPlatforms) = preSolution
		Debug|Any CPU = Debug|Any CPU
		Release|Any CPU = Release|Any CPU
	EndGlobalSection
	GlobalSection(ProjectConfigurationPlatforms) = postSolution
		{1CFC0B0A-AB29-4F9D-BCB5-67BD5CD276C6}.Debug|Any CPU.ActiveCfg = Debug|Any CPU
		{1CFC0B0A-AB29-4F9D-BCB5-67BD5CD276C6}.Debug|Any CPU.Build.0 = Debug|Any CPU
		{1CFC0B0A-AB29-4F9D-BCB5-67BD5CD276C6}.Release|Any CPU.ActiveCfg = Release|Any CPU
		{1CFC0B0A-AB29-4F9D-BCB5-67BD5CD276C6}.Release|Any CPU.Build.0 = Release|Any CPU
	EndGlobalSection
	GlobalSection(SolutionProperties) = preSolution
		HideSolutionNode = FALSE
	EndGlobalSection
	GlobalSection(ExtensibilityGlobals) = postSolution
		SolutionGuid = {3C197FEE-CFDF-4B98-964A-D4D1F7723C44}
	EndGlobalSection
EndGlobal
